
Microsoft Visual Studio Solution File, Format Version 12.00
# Visual Studio Version 17
VisualStudioVersion = 17.0.31717.71
MinimumVisualStudioVersion = 10.0.40219.1
Project("{FAE04EC0-301F-11D3-BF4B-00C04F79EFBC}") = "Methoden_GL", "Methoden_GL\Methoden_GL.csproj", "{1A5878AE-6B8A-428B-A2C4-149CEFBDBB65}"
EndProject
Global
	GlobalSection(SolutionConfigurationPlatforms) = preSolution
		Debug|Any CPU = Debug|Any CPU
		Release|Any CPU = Release|Any CPU
	EndGlobalSection
	GlobalSection(ProjectConfigurationPlatforms) = postSolution
		{1A5878AE-6B8A-428B-A2C4-149CEFBDBB65}.Debug|Any CPU.ActiveCfg = Debug|Any CPU
		{1A5878AE-6B8A-428B-A2C4-149CEFBDBB65}.Debug|Any CPU.Build.0 = Debug|Any CPU
		{1A5878AE-6B8A-428B-A2C4-149CEFBDBB65}.Release|Any CPU.ActiveCfg = Release|Any CPU
		{1A5878AE-6B8A-428B-A2C4-149CEFBDBB65}.Release|Any CPU.Build.0 = Release|Any CPU
	EndGlobalSection
	GlobalSection(SolutionProperties) = preSolution
		HideSolutionNode = FALSE
	EndGlobalSection
	GlobalSection(ExtensibilityGlobals) = postSolution
		SolutionGuid = {52A17E40-8D80-4E1E-AB20-DAAFF71FC8AF}
	EndGlobalSection
EndGlobal
