
Microsoft Visual Studio Solution File, Format Version 12.00
# Visual Studio Version 17
VisualStudioVersion = 17.0.31717.71
MinimumVisualStudioVersion = 10.0.40219.1
Project("{FAE04EC0-301F-11D3-BF4B-00C04F79EFBC}") = "if_GL", "if_GL\if_GL.csproj", "{0875B7CC-8A5D-4599-A7F5-8FF533CFA92C}"
EndProject
Global
	GlobalSection(SolutionConfigurationPlatforms) = preSolution
		Debug|Any CPU = Debug|Any CPU
		Release|Any CPU = Release|Any CPU
	EndGlobalSection
	GlobalSection(ProjectConfigurationPlatforms) = postSolution
		{0875B7CC-8A5D-4599-A7F5-8FF533CFA92C}.Debug|Any CPU.ActiveCfg = Debug|Any CPU
		{0875B7CC-8A5D-4599-A7F5-8FF533CFA92C}.Debug|Any CPU.Build.0 = Debug|Any CPU
		{0875B7CC-8A5D-4599-A7F5-8FF533CFA92C}.Release|Any CPU.ActiveCfg = Release|Any CPU
		{0875B7CC-8A5D-4599-A7F5-8FF533CFA92C}.Release|Any CPU.Build.0 = Release|Any CPU
	EndGlobalSection
	GlobalSection(SolutionProperties) = preSolution
		HideSolutionNode = FALSE
	EndGlobalSection
	GlobalSection(ExtensibilityGlobals) = postSolution
		SolutionGuid = {DD220D95-CB78-4507-8EC7-B0EFF75E9F20}
	EndGlobalSection
EndGlobal
