
Microsoft Visual Studio Solution File, Format Version 12.00
# Visual Studio Version 17
VisualStudioVersion = 17.0.31815.197
MinimumVisualStudioVersion = 10.0.40219.1
Project("{FAE04EC0-301F-11D3-BF4B-00C04F79EFBC}") = "Klassen_GL", "Klassen_GL\Klassen_GL.csproj", "{E1784BAF-AFA5-478F-A265-A1783BEF339A}"
EndProject
Project("{FAE04EC0-301F-11D3-BF4B-00C04F79EFBC}") = "Wifi.ConsoleTools", "..\..\Wifi.Tools.Solution\Wifi.ConsoleTools\Wifi.ConsoleTools.csproj", "{13446EEE-3EBC-464D-A86A-6D438264FA69}"
EndProject
Global
	GlobalSection(SolutionConfigurationPlatforms) = preSolution
		Debug|Any CPU = Debug|Any CPU
		Release|Any CPU = Release|Any CPU
	EndGlobalSection
	GlobalSection(ProjectConfigurationPlatforms) = postSolution
		{E1784BAF-AFA5-478F-A265-A1783BEF339A}.Debug|Any CPU.ActiveCfg = Debug|Any CPU
		{E1784BAF-AFA5-478F-A265-A1783BEF339A}.Debug|Any CPU.Build.0 = Debug|Any CPU
		{E1784BAF-AFA5-478F-A265-A1783BEF339A}.Release|Any CPU.ActiveCfg = Release|Any CPU
		{E1784BAF-AFA5-478F-A265-A1783BEF339A}.Release|Any CPU.Build.0 = Release|Any CPU
		{13446EEE-3EBC-464D-A86A-6D438264FA69}.Debug|Any CPU.ActiveCfg = Debug|Any CPU
		{13446EEE-3EBC-464D-A86A-6D438264FA69}.Debug|Any CPU.Build.0 = Debug|Any CPU
		{13446EEE-3EBC-464D-A86A-6D438264FA69}.Release|Any CPU.ActiveCfg = Release|Any CPU
		{13446EEE-3EBC-464D-A86A-6D438264FA69}.Release|Any CPU.Build.0 = Release|Any CPU
	EndGlobalSection
	GlobalSection(SolutionProperties) = preSolution
		HideSolutionNode = FALSE
	EndGlobalSection
	GlobalSection(ExtensibilityGlobals) = postSolution
		SolutionGuid = {FEBB912A-7EE0-4D79-860C-1A6CF6E0A358}
	EndGlobalSection
EndGlobal
