
Microsoft Visual Studio Solution File, Format Version 12.00
# Visual Studio Version 17
VisualStudioVersion = 17.0.31717.71
MinimumVisualStudioVersion = 10.0.40219.1
Project("{FAE04EC0-301F-11D3-BF4B-00C04F79EFBC}") = "Rechtecksberechnung", "Rechtecksberechnung\Rechtecksberechnung.csproj", "{3A34E65C-64E9-4256-BC68-9F74D6DD1069}"
EndProject
Global
	GlobalSection(SolutionConfigurationPlatforms) = preSolution
		Debug|Any CPU = Debug|Any CPU
		Release|Any CPU = Release|Any CPU
	EndGlobalSection
	GlobalSection(ProjectConfigurationPlatforms) = postSolution
		{3A34E65C-64E9-4256-BC68-9F74D6DD1069}.Debug|Any CPU.ActiveCfg = Debug|Any CPU
		{3A34E65C-64E9-4256-BC68-9F74D6DD1069}.Debug|Any CPU.Build.0 = Debug|Any CPU
		{3A34E65C-64E9-4256-BC68-9F74D6DD1069}.Release|Any CPU.ActiveCfg = Release|Any CPU
		{3A34E65C-64E9-4256-BC68-9F74D6DD1069}.Release|Any CPU.Build.0 = Release|Any CPU
	EndGlobalSection
	GlobalSection(SolutionProperties) = preSolution
		HideSolutionNode = FALSE
	EndGlobalSection
	GlobalSection(ExtensibilityGlobals) = postSolution
		SolutionGuid = {3E029EEE-188B-4BE4-9224-1D51DE0076B6}
	EndGlobalSection
EndGlobal
