
Microsoft Visual Studio Solution File, Format Version 12.00
# Visual Studio Version 17
VisualStudioVersion = 17.0.32014.148
MinimumVisualStudioVersion = 10.0.40219.1
Project("{FAE04EC0-301F-11D3-BF4B-00C04F79EFBC}") = "Product_manager.UI", "printer_manager\Product_manager.UI.csproj", "{5E3E6D07-9BA3-40DF-9E6D-50F21E2409AB}"
EndProject
Project("{2150E333-8FDC-42A3-9474-1A3956D46DE8}") = "Solution Items", "Solution Items", "{36DDC3D4-1FF0-4B40-96FE-A594B6F9B6A8}"
EndProject
Project("{FAE04EC0-301F-11D3-BF4B-00C04F79EFBC}") = "Product_manager.Items", "Printer_manager.Items\Product_manager.Items.csproj", "{DFE80358-AFF8-411E-8136-3E3ECFD15AB5}"
EndProject
Global
	GlobalSection(SolutionConfigurationPlatforms) = preSolution
		Debug|Any CPU = Debug|Any CPU
		Release|Any CPU = Release|Any CPU
	EndGlobalSection
	GlobalSection(ProjectConfigurationPlatforms) = postSolution
		{5E3E6D07-9BA3-40DF-9E6D-50F21E2409AB}.Debug|Any CPU.ActiveCfg = Debug|Any CPU
		{5E3E6D07-9BA3-40DF-9E6D-50F21E2409AB}.Debug|Any CPU.Build.0 = Debug|Any CPU
		{5E3E6D07-9BA3-40DF-9E6D-50F21E2409AB}.Release|Any CPU.ActiveCfg = Release|Any CPU
		{5E3E6D07-9BA3-40DF-9E6D-50F21E2409AB}.Release|Any CPU.Build.0 = Release|Any CPU
		{DFE80358-AFF8-411E-8136-3E3ECFD15AB5}.Debug|Any CPU.ActiveCfg = Debug|Any CPU
		{DFE80358-AFF8-411E-8136-3E3ECFD15AB5}.Debug|Any CPU.Build.0 = Debug|Any CPU
		{DFE80358-AFF8-411E-8136-3E3ECFD15AB5}.Release|Any CPU.ActiveCfg = Release|Any CPU
		{DFE80358-AFF8-411E-8136-3E3ECFD15AB5}.Release|Any CPU.Build.0 = Release|Any CPU
	EndGlobalSection
	GlobalSection(SolutionProperties) = preSolution
		HideSolutionNode = FALSE
	EndGlobalSection
	GlobalSection(ExtensibilityGlobals) = postSolution
		SolutionGuid = {2C76884D-EC3C-4BBB-90D7-5BEF969093F4}
	EndGlobalSection
EndGlobal
