
Microsoft Visual Studio Solution File, Format Version 12.00
# Visual Studio Version 17
VisualStudioVersion = 17.0.31815.197
MinimumVisualStudioVersion = 10.0.40219.1
Project("{FAE04EC0-301F-11D3-BF4B-00C04F79EFBC}") = "Strukturen_GL", "Strukturen_GL\Strukturen_GL.csproj", "{8A985792-7484-4E11-8214-2E7BF382473C}"
EndProject
Global
	GlobalSection(SolutionConfigurationPlatforms) = preSolution
		Debug|Any CPU = Debug|Any CPU
		Release|Any CPU = Release|Any CPU
	EndGlobalSection
	GlobalSection(ProjectConfigurationPlatforms) = postSolution
		{8A985792-7484-4E11-8214-2E7BF382473C}.Debug|Any CPU.ActiveCfg = Debug|Any CPU
		{8A985792-7484-4E11-8214-2E7BF382473C}.Debug|Any CPU.Build.0 = Debug|Any CPU
		{8A985792-7484-4E11-8214-2E7BF382473C}.Release|Any CPU.ActiveCfg = Release|Any CPU
		{8A985792-7484-4E11-8214-2E7BF382473C}.Release|Any CPU.Build.0 = Release|Any CPU
	EndGlobalSection
	GlobalSection(SolutionProperties) = preSolution
		HideSolutionNode = FALSE
	EndGlobalSection
	GlobalSection(ExtensibilityGlobals) = postSolution
		SolutionGuid = {8926F3BD-5AA4-475E-8406-8EDF040DE1D5}
	EndGlobalSection
EndGlobal
