
Microsoft Visual Studio Solution File, Format Version 12.00
# Visual Studio Version 17
VisualStudioVersion = 17.0.31717.71
MinimumVisualStudioVersion = 10.0.40219.1
Project("{FAE04EC0-301F-11D3-BF4B-00C04F79EFBC}") = "GrundlagenBeispiel_1", "GrundlagenBeispiel_1\GrundlagenBeispiel_1.csproj", "{31246669-F228-47FB-90B9-604B47366020}"
EndProject
Global
	GlobalSection(SolutionConfigurationPlatforms) = preSolution
		Debug|Any CPU = Debug|Any CPU
		Release|Any CPU = Release|Any CPU
	EndGlobalSection
	GlobalSection(ProjectConfigurationPlatforms) = postSolution
		{31246669-F228-47FB-90B9-604B47366020}.Debug|Any CPU.ActiveCfg = Debug|Any CPU
		{31246669-F228-47FB-90B9-604B47366020}.Debug|Any CPU.Build.0 = Debug|Any CPU
		{31246669-F228-47FB-90B9-604B47366020}.Release|Any CPU.ActiveCfg = Release|Any CPU
		{31246669-F228-47FB-90B9-604B47366020}.Release|Any CPU.Build.0 = Release|Any CPU
	EndGlobalSection
	GlobalSection(SolutionProperties) = preSolution
		HideSolutionNode = FALSE
	EndGlobalSection
	GlobalSection(ExtensibilityGlobals) = postSolution
		SolutionGuid = {C59D612F-3F69-4006-817A-31B3612A8098}
	EndGlobalSection
EndGlobal
